// !$*UTF8*$!
{
	archiveVersion = 1;
	classes = {
	};
	objectVersion = 50;
	objects = {

/* Begin PBXBuildFile section */
		27DF3ACA23EA60EB0099ACDB /* AppDelegate.swift in Sources */ = {isa = PBXBuildFile; fileRef = 27DF3AC923EA60EB0099ACDB /* AppDelegate.swift */; };
		27DF3ACC23EA60EB0099ACDB /* SceneDelegate.swift in Sources */ = {isa = PBXBuildFile; fileRef = 27DF3ACB23EA60EB0099ACDB /* SceneDelegate.swift */; };
		27DF3ACE23EA60EB0099ACDB /* ViewController.swift in Sources */ = {isa = PBXBuildFile; fileRef = 27DF3ACD23EA60EB0099ACDB /* ViewController.swift */; };
		27DF3AD123EA60EB0099ACDB /* Main.storyboard in Resources */ = {isa = PBXBuildFile; fileRef = 27DF3ACF23EA60EB0099ACDB /* Main.storyboard */; };
		27DF3AD323EA60EE0099ACDB /* Assets.xcassets in Resources */ = {isa = PBXBuildFile; fileRef = 27DF3AD223EA60EE0099ACDB /* Assets.xcassets */; };
		27DF3AD623EA60EE0099ACDB /* LaunchScreen.storyboard in Resources */ = {isa = PBXBuildFile; fileRef = 27DF3AD423EA60EE0099ACDB /* LaunchScreen.storyboard */; };
/* End PBXBuildFile section */

/* Begin PBXFileReference section */
		27DF3AC623EA60EB0099ACDB /* Firebase Intermediate.app */ = {isa = PBXFileReference; explicitFileType = wrapper.application; includeInIndex = 0; path = "Firebase Intermediate.app"; sourceTree = BUILT_PRODUCTS_DIR; };
		27DF3AC923EA60EB0099ACDB /* AppDelegate.swift */ = {isa = PBXFileReference; lastKnownFileType = sourcecode.swift; path = AppDelegate.swift; sourceTree = "<group>"; };
		27DF3ACB23EA60EB0099ACDB /* SceneDelegate.swift */ = {isa = PBXFileReference; lastKnownFileType = sourcecode.swift; path = SceneDelegate.swift; sourceTree = "<group>"; };
		27DF3ACD23EA60EB0099ACDB /* ViewController.swift */ = {isa = PBXFileReference; lastKnownFileType = sourcecode.swift; path = ViewController.swift; sourceTree = "<group>"; };
		27DF3AD023EA60EB0099ACDB /* Base */ = {isa = PBXFileReference; lastKnownFileType = file.storyboard; name = Base; path = Base.lproj/Main.storyboard; sourceTree = "<group>"; };
		27DF3AD223EA60EE0099ACDB /* Assets.xcassets */ = {isa = PBXFileReference; lastKnownFileType = folder.assetcatalog; path = Assets.xcassets; sourceTree = "<group>"; };
		27DF3AD523EA60EE0099ACDB /* Base */ = {isa = PBXFileReference; lastKnownFileType = file.storyboard; name = Base; path = Base.lproj/LaunchScreen.storyboard; sourceTree = "<group>"; };
		27DF3AD723EA60EE0099ACDB /* Info.plist */ = {isa = PBXFileReference; lastKnownFileType = text.plist.xml; path = Info.plist; sourceTree = "<group>"; };
/* End PBXFileReference section */

/* Begin PBXFrameworksBuildPhase section */
		27DF3AC323EA60EB0099ACDB /* Frameworks */ = {
			isa = PBXFrameworksBuildPhase;
			buildActionMask = 2147483647;
			files = (
			);
			runOnlyForDeploymentPostprocessing = 0;
		};
/* End PBXFrameworksBuildPhase section */

/* Begin PBXGroup section */
		27DF3ABD23EA60EB0099ACDB = {
			isa = PBXGroup;
			children = (
				27DF3AC823EA60EB0099ACDB /* Firebase Intermediate */,
				27DF3AC723EA60EB0099ACDB /* Products */,
			);
			sourceTree = "<group>";
		};
		27DF3AC723EA60EB0099ACDB /* Products */ = {
			isa = PBXGroup;
			children = (
				27DF3AC623EA60EB0099ACDB /* Firebase Intermediate.app */,
			);
			name = Products;
			sourceTree = "<group>";
		};
		27DF3AC823EA60EB0099ACDB /* Firebase Intermediate */ = {
			isa = PBXGroup;
			children = (
				27DF3AC923EA60EB0099ACDB /* AppDelegate.swift */,
				27DF3ACB23EA60EB0099ACDB /* SceneDelegate.swift */,
				27DF3ACD23EA60EB0099ACDB /* ViewController.swift */,
				27DF3ACF23EA60EB0099ACDB /* Main.storyboard */,
				27DF3AD223EA60EE0099ACDB /* Assets.xcassets */,
				27DF3AD423EA60EE0099ACDB /* LaunchScreen.storyboard */,
				27DF3AD723EA60EE0099ACDB /* Info.plist */,
			);
			path = "Firebase Intermediate";
			sourceTree = "<group>";
		};
/* End PBXGroup section */

/* Begin PBXNativeTarget section */
		27DF3AC523EA60EB0099ACDB /* Firebase Intermediate */ = {
			isa = PBXNativeTarget;
			buildConfigurationList = 27DF3ADA23EA60EE0099ACDB /* Build configuration list for PBXNativeTarget "Firebase Intermediate" */;
			buildPhases = (
				27DF3AC223EA60EB0099ACDB /* Sources */,
				27DF3AC323EA60EB0099ACDB /* Frameworks */,
				27DF3AC423EA60EB0099ACDB /* Resources */,
			);
			buildRules = (
			);
			dependencies = (
			);
			name = "Firebase Intermediate";
			productName = "Firebase Intermediate";
			productReference = 27DF3AC623EA60EB0099ACDB /* Firebase Intermediate.app */;
			productType = "com.apple.product-type.application";
		};
/* End PBXNativeTarget section */

/* Begin PBXProject section */
		27DF3ABE23EA60EB0099ACDB /* Project object */ = {
			isa = PBXProject;
			attributes = {
				LastSwiftUpdateCheck = 1130;
				LastUpgradeCheck = 1130;
				ORGANIZATIONNAME = rasyidrw;
				TargetAttributes = {
					27DF3AC523EA60EB0099ACDB = {
						CreatedOnToolsVersion = 11.3.1;
					};
				};
			};
			buildConfigurationList = 27DF3AC123EA60EB0099ACDB /* Build configuration list for PBXProject "Firebase Intermediate" */;
			compatibilityVersion = "Xcode 9.3";
			developmentRegion = en;
			hasScannedForEncodings = 0;
			knownRegions = (
				en,
				Base,
			);
			mainGroup = 27DF3ABD23EA60EB0099ACDB;
			productRefGroup = 27DF3AC723EA60EB0099ACDB /* Products */;
			projectDirPath = "";
			projectRoot = "";
			targets = (
				27DF3AC523EA60EB0099ACDB /* Firebase Intermediate */,
			);
		};
/* End PBXProject section */

/* Begin PBXResourcesBuildPhase section */
		27DF3AC423EA60EB0099ACDB /* Resources */ = {
			isa = PBXResourcesBuildPhase;
			buildActionMask = 2147483647;
			files = (
				27DF3AD623EA60EE0099ACDB /* LaunchScreen.storyboard in Resources */,
				27DF3AD323EA60EE0099ACDB /* Assets.xcassets in Resources */,
				27DF3AD123EA60EB0099ACDB /* Main.storyboard in Resources */,
			);
			runOnlyForDeploymentPostprocessing = 0;
		};
/* End PBXResourcesBuildPhase section */

/* Begin PBXSourcesBuildPhase section */
		27DF3AC223EA60EB0099ACDB /* Sources */ = {
			isa = PBXSourcesBuildPhase;
			buildActionMask = 2147483647;
			files = (
				27DF3ACE23EA60EB0099ACDB /* ViewController.swift in Sources */,
				27DF3ACA23EA60EB0099ACDB /* AppDelegate.swift in Sources */,
				27DF3ACC23EA60EB0099ACDB /* SceneDelegate.swift in Sources */,
			);
			runOnlyForDeploymentPostprocessing = 0;
		};
/* End PBXSourcesBuildPhase section */

/* Begin PBXVariantGroup section */
		27DF3ACF23EA60EB0099ACDB /* Main.storyboard */ = {
			isa = PBXVariantGroup;
			children = (
				27DF3AD023EA60EB0099ACDB /* Base */,
			);
			name = Main.storyboard;
			sourceTree = "<group>";
		};
		27DF3AD423EA60EE0099ACDB /* LaunchScreen.storyboard */ = {
			isa = PBXVariantGroup;
			children = (
				27DF3AD523EA60EE0099ACDB /* Base */,
			);
			name = LaunchScreen.storyboard;
			sourceTree = "<group>";
		};
/* End PBXVariantGroup section */

/* Begin XCBuildConfiguration section */
		27DF3AD823EA60EE0099ACDB /* Debug */ = {
			isa = XCBuildConfiguration;
			buildSettings = {
				ALWAYS_SEARCH_USER_PATHS = NO;
				CLANG_ANALYZER_NONNULL = YES;
				CLANG_ANALYZER_NUMBER_OBJECT_CONVERSION = YES_AGGRESSIVE;
				CLANG_CXX_LANGUAGE_STANDARD = "gnu++14";
				CLANG_CXX_LIBRARY = "libc++";
				CLANG_ENABLE_MODULES = YES;
				CLANG_ENABLE_OBJC_ARC = YES;
				CLANG_ENABLE_OBJC_WEAK = YES;
				CLANG_WARN_BLOCK_CAPTURE_AUTORELEASING = YES;
				CLANG_WARN_BOOL_CONVERSION = YES;
				CLANG_WARN_COMMA = YES;
				CLANG_WARN_CONSTANT_CONVERSION = YES;
				CLANG_WARN_DEPRECATED_OBJC_IMPLEMENTATIONS = YES;
				CLANG_WARN_DIRECT_OBJC_ISA_USAGE = YES_ERROR;
				CLANG_WARN_DOCUMENTATION_COMMENTS = YES;
				CLANG_WARN_EMPTY_BODY = YES;
				CLANG_WARN_ENUM_CONVERSION = YES;
				CLANG_WARN_INFINITE_RECURSION = YES;
				CLANG_WARN_INT_CONVERSION = YES;
				CLANG_WARN_NON_LITERAL_NULL_CONVERSION = YES;
				CLANG_WARN_OBJC_IMPLICIT_RETAIN_SELF = YES;
				CLANG_WARN_OBJC_LITERAL_CONVERSION = YES;
				CLANG_WARN_OBJC_ROOT_CLASS = YES_ERROR;
				CLANG_WARN_RANGE_LOOP_ANALYSIS = YES;
				CLANG_WARN_STRICT_PROTOTYPES = YES;
				CLANG_WARN_SUSPICIOUS_MOVE = YES;
				CLANG_WARN_UNGUARDED_AVAILABILITY = YES_AGGRESSIVE;
				CLANG_WARN_UNREACHABLE_CODE = YES;
				CLANG_WARN__DUPLICATE_METHOD_MATCH = YES;
				COPY_PHASE_STRIP = NO;
				DEBUG_INFORMATION_FORMAT = dwarf;
				ENABLE_STRICT_OBJC_MSGSEND = YES;
				ENABLE_TESTABILITY = YES;
				GCC_C_LANGUAGE_STANDARD = gnu11;
				GCC_DYNAMIC_NO_PIC = NO;
				GCC_NO_COMMON_BLOCKS = YES;
				GCC_OPTIMIZATION_LEVEL = 0;
				GCC_PREPROCESSOR_DEFINITIONS = (
					"DEBUG=1",
					"$(inherited)",
				);
				GCC_WARN_64_TO_32_BIT_CONVERSION = YES;
				GCC_WARN_ABOUT_RETURN_TYPE = YES_ERROR;
				GCC_WARN_UNDECLARED_SELECTOR = YES;
				GCC_WARN_UNINITIALIZED_AUTOS = YES_AGGRESSIVE;
				GCC_WARN_UNUSED_FUNCTION = YES;
				GCC_WARN_UNUSED_VARIABLE = YES;
				IPHONEOS_DEPLOYMENT_TARGET = 13.2;
				MTL_ENABLE_DEBUG_INFO = INCLUDE_SOURCE;
				MTL_FAST_MATH = YES;
				ONLY_ACTIVE_ARCH = YES;
				SDKROOT = iphoneos;
				SWIFT_ACTIVE_COMPILATION_CONDITIONS = DEBUG;
				SWIFT_OPTIMIZATION_LEVEL = "-Onone";
			};
			name = Debug;
		};
		27DF3AD923EA60EE0099ACDB /* Release */ = {
			isa = XCBuildConfiguration;
			buildSettings = {
				ALWAYS_SEARCH_USER_PATHS = NO;
				CLANG_ANALYZER_NONNULL = YES;
				CLANG_ANALYZER_NUMBER_OBJECT_CONVERSION = YES_AGGRESSIVE;
				CLANG_CXX_LANGUAGE_STANDARD = "gnu++14";
				CLANG_CXX_LIBRARY = "libc++";
				CLANG_ENABLE_MODULES = YES;
				CLANG_ENABLE_OBJC_ARC = YES;
				CLANG_ENABLE_OBJC_WEAK = YES;
				CLANG_WARN_BLOCK_CAPTURE_AUTORELEASING = YES;
				CLANG_WARN_BOOL_CONVERSION = YES;
				CLANG_WARN_COMMA = YES;
				CLANG_WARN_CONSTANT_CONVERSION = YES;
				CLANG_WARN_DEPRECATED_OBJC_IMPLEMENTATIONS = YES;
				CLANG_WARN_DIRECT_OBJC_ISA_USAGE = YES_ERROR;
				CLANG_WARN_DOCUMENTATION_COMMENTS = YES;
				CLANG_WARN_EMPTY_BODY = YES;
				CLANG_WARN_ENUM_CONVERSION = YES;
				CLANG_WARN_INFINITE_RECURSION = YES;
				CLANG_WARN_INT_CONVERSION = YES;
				CLANG_WARN_NON_LITERAL_NULL_CONVERSION = YES;
				CLANG_WARN_OBJC_IMPLICIT_RETAIN_SELF = YES;
				CLANG_WARN_OBJC_LITERAL_CONVERSION = YES;
				CLANG_WARN_OBJC_ROOT_CLASS = YES_ERROR;
				CLANG_WARN_RANGE_LOOP_ANALYSIS = YES;
				CLANG_WARN_STRICT_PROTOTYPES = YES;
				CLANG_WARN_SUSPICIOUS_MOVE = YES;
				CLANG_WARN_UNGUARDED_AVAILABILITY = YES_AGGRESSIVE;
				CLANG_WARN_UNREACHABLE_CODE = YES;
				CLANG_WARN__DUPLICATE_METHOD_MATCH = YES;
				COPY_PHASE_STRIP = NO;
				DEBUG_INFORMATION_FORMAT = "dwarf-with-dsym";
				ENABLE_NS_ASSERTIONS = NO;
				ENABLE_STRICT_OBJC_MSGSEND = YES;
				GCC_C_LANGUAGE_STANDARD = gnu11;
				GCC_NO_COMMON_BLOCKS = YES;
				GCC_WARN_64_TO_32_BIT_CONVERSION = YES;
				GCC_WARN_ABOUT_RETURN_TYPE = YES_ERROR;
				GCC_WARN_UNDECLARED_SELECTOR = YES;
				GCC_WARN_UNINITIALIZED_AUTOS = YES_AGGRESSIVE;
				GCC_WARN_UNUSED_FUNCTION = YES;
				GCC_WARN_UNUSED_VARIABLE = YES;
				IPHONEOS_DEPLOYMENT_TARGET = 13.2;
				MTL_ENABLE_DEBUG_INFO = NO;
				MTL_FAST_MATH = YES;
				SDKROOT = iphoneos;
				SWIFT_COMPILATION_MODE = wholemodule;
				SWIFT_OPTIMIZATION_LEVEL = "-O";
				VALIDATE_PRODUCT = YES;
			};
			name = Release;
		};
		27DF3ADB23EA60EE0099ACDB /* Debug */ = {
			isa = XCBuildConfiguration;
			buildSettings = {
				ASSETCATALOG_COMPILER_APPICON_NAME = AppIcon;
				CODE_SIGN_STYLE = Automatic;
				DEVELOPMENT_TEAM = FKSAD8NRG8;
				INFOPLIST_FILE = "Firebase Intermediate/Info.plist";
				LD_RUNPATH_SEARCH_PATHS = (
					"$(inherited)",
					"@executable_path/Frameworks",
				);
				PRODUCT_BUNDLE_IDENTIFIER = "com.rasyidrw.Firebase-Intermediate";
				PRODUCT_NAME = "$(TARGET_NAME)";
				SWIFT_VERSION = 5.0;
				TARGETED_DEVICE_FAMILY = "1,2";
			};
			name = Debug;
		};
		27DF3ADC23EA60EE0099ACDB /* Release */ = {
			isa = XCBuildConfiguration;
			buildSettings = {
				ASSETCATALOG_COMPILER_APPICON_NAME = AppIcon;
				CODE_SIGN_STYLE = Automatic;
				DEVELOPMENT_TEAM = FKSAD8NRG8;
				INFOPLIST_FILE = "Firebase Intermediate/Info.plist";
				LD_RUNPATH_SEARCH_PATHS = (
					"$(inherited)",
					"@executable_path/Frameworks",
				);
				PRODUCT_BUNDLE_IDENTIFIER = "com.rasyidrw.Firebase-Intermediate";
				PRODUCT_NAME = "$(TARGET_NAME)";
				SWIFT_VERSION = 5.0;
				TARGETED_DEVICE_FAMILY = "1,2";
			};
			name = Release;
		};
/* End XCBuildConfiguration section */

/* Begin XCConfigurationList section */
		27DF3AC123EA60EB0099ACDB /* Build configuration list for PBXProject "Firebase Intermediate" */ = {
			isa = XCConfigurationList;
			buildConfigurations = (
				27DF3AD823EA60EE0099ACDB /* Debug */,
				27DF3AD923EA60EE0099ACDB /* Release */,
			);
			defaultConfigurationIsVisible = 0;
			defaultConfigurationName = Release;
		};
		27DF3ADA23EA60EE0099ACDB /* Build configuration list for PBXNativeTarget "Firebase Intermediate" */ = {
			isa = XCConfigurationList;
			buildConfigurations = (
				27DF3ADB23EA60EE0099ACDB /* Debug */,
				27DF3ADC23EA60EE0099ACDB /* Release */,
			);
			defaultConfigurationIsVisible = 0;
			defaultConfigurationName = Release;
		};
/* End XCConfigurationList section */
	};
	rootObject = 27DF3ABE23EA60EB0099ACDB /* Project object */;
}
